{
  "name": "ddnet-ai-ts-reference",
  "version": "0.0.0",
  "lockfileVersion": 3,
  "requires": true,
  "packages": {
    "": {
      "name": "ddnet-ai-ts-reference",
      "version": "0.0.0",
      "license": "GPL-3.0-only",
      "dependencies": {
        "teeworlds": "2.6.1"
      },
      "engines": {
        "node": ">=24"
      }
    },
    "node_modules/teeworlds": {
      "version": "2.6.1",
      "resolved": "https://registry.npmjs.org/teeworlds/-/teeworlds-2.6.1.tgz",
      "integrity": "sha512-2QJi/Z4dE9u8cxX7bLCghDgLQCu1QAfBN228CQkbY+z7HPfYTwUc5CI7AlAcUs7bwIiKyyW/Z4UdzGg6MmVBeQ==",
      "license": "MIT"
    }
  }
}
